
Microsoft Visual Studio Solution File, Format Version 12.00
# Visual Studio 14
VisualStudioVersion = 14.0.24720.0
MinimumVisualStudioVersion = 10.0.40219.1
Project("{FAE04EC0-301F-11D3-BF4B-00C04F79EFBC}") = "Polynomial Solver", "Polynomial Solver\Polynomial Solver.csproj", "{ABA8B8FE-41D6-48B3-A585-44192DF64755}"
EndProject
Global
	GlobalSection(SolutionConfigurationPlatforms) = preSolution
		Debug|Any CPU = Debug|Any CPU
		Release|Any CPU = Release|Any CPU
	EndGlobalSection
	GlobalSection(ProjectConfigurationPlatforms) = postSolution
		{ABA8B8FE-41D6-48B3-A585-44192DF64755}.Debug|Any CPU.ActiveCfg = Debug|Any CPU
		{ABA8B8FE-41D6-48B3-A585-44192DF64755}.Debug|Any CPU.Build.0 = Debug|Any CPU
		{ABA8B8FE-41D6-48B3-A585-44192DF64755}.Release|Any CPU.ActiveCfg = Release|Any CPU
		{ABA8B8FE-41D6-48B3-A585-44192DF64755}.Release|Any CPU.Build.0 = Release|Any CPU
	EndGlobalSection
	GlobalSection(SolutionProperties) = preSolution
		HideSolutionNode = FALSE
	EndGlobalSection
EndGlobal
